// !$*UTF8*$!
{
	archiveVersion = 1;
	classes = {
	};
	objectVersion = 50;
	objects = {

/* Begin PBXBuildFile section */
		11198F1324D6E85600131481 /* NetworkManager.swift in Sources */ = {isa = PBXBuildFile; fileRef = 11198F1224D6E85600131481 /* NetworkManager.swift */; };
		11198F1524D6E94C00131481 /* CameraData.swift in Sources */ = {isa = PBXBuildFile; fileRef = 11198F1424D6E94C00131481 /* CameraData.swift */; };
		11198F1724D708DE00131481 /* DetailView.swift in Sources */ = {isa = PBXBuildFile; fileRef = 11198F1624D708DE00131481 /* DetailView.swift */; };
		11597A1324DDFF9900AF7041 /* CityView.swift in Sources */ = {isa = PBXBuildFile; fileRef = 11597A1224DDFF9900AF7041 /* CityView.swift */; };
		11597A1524DE02C400AF7041 /* RoadView.swift in Sources */ = {isa = PBXBuildFile; fileRef = 11597A1424DE02C400AF7041 /* RoadView.swift */; };
		11A99E0524D7270D00368974 /* ImageLoader.swift in Sources */ = {isa = PBXBuildFile; fileRef = 11A99E0424D7270D00368974 /* ImageLoader.swift */; };
		11A99E0724D7284300368974 /* AsyncImage.swift in Sources */ = {isa = PBXBuildFile; fileRef = 11A99E0624D7284300368974 /* AsyncImage.swift */; };
		11ADFB0924D3458500C58624 /* AppDelegate.swift in Sources */ = {isa = PBXBuildFile; fileRef = 11ADFB0824D3458500C58624 /* AppDelegate.swift */; };
		11ADFB0B24D3458500C58624 /* SceneDelegate.swift in Sources */ = {isa = PBXBuildFile; fileRef = 11ADFB0A24D3458500C58624 /* SceneDelegate.swift */; };
		11ADFB0E24D3458500C58624 /* Digitraffic.xcdatamodeld in Sources */ = {isa = PBXBuildFile; fileRef = 11ADFB0C24D3458500C58624 /* Digitraffic.xcdatamodeld */; };
		11ADFB1024D3458500C58624 /* ContentView.swift in Sources */ = {isa = PBXBuildFile; fileRef = 11ADFB0F24D3458500C58624 /* ContentView.swift */; };
		11ADFB1224D3458600C58624 /* Assets.xcassets in Resources */ = {isa = PBXBuildFile; fileRef = 11ADFB1124D3458600C58624 /* Assets.xcassets */; };
		11ADFB1524D3458600C58624 /* Preview Assets.xcassets in Resources */ = {isa = PBXBuildFile; fileRef = 11ADFB1424D3458600C58624 /* Preview Assets.xcassets */; };
		11ADFB1824D3458600C58624 /* LaunchScreen.storyboard in Resources */ = {isa = PBXBuildFile; fileRef = 11ADFB1624D3458600C58624 /* LaunchScreen.storyboard */; };
		11E9D33424DC367500C44EA1 /* MunicipalityView.swift in Sources */ = {isa = PBXBuildFile; fileRef = 11E9D33324DC367500C44EA1 /* MunicipalityView.swift */; };
		11E9D33824DC6D4600C44EA1 /* Metadata.swift in Sources */ = {isa = PBXBuildFile; fileRef = 11E9D33724DC6D4600C44EA1 /* Metadata.swift */; };
/* End PBXBuildFile section */

/* Begin PBXFileReference section */
		11198F1224D6E85600131481 /* NetworkManager.swift */ = {isa = PBXFileReference; lastKnownFileType = sourcecode.swift; path = NetworkManager.swift; sourceTree = "<group>"; };
		11198F1424D6E94C00131481 /* CameraData.swift */ = {isa = PBXFileReference; lastKnownFileType = sourcecode.swift; path = CameraData.swift; sourceTree = "<group>"; };
		11198F1624D708DE00131481 /* DetailView.swift */ = {isa = PBXFileReference; lastKnownFileType = sourcecode.swift; path = DetailView.swift; sourceTree = "<group>"; };
		11597A1224DDFF9900AF7041 /* CityView.swift */ = {isa = PBXFileReference; lastKnownFileType = sourcecode.swift; path = CityView.swift; sourceTree = "<group>"; };
		11597A1424DE02C400AF7041 /* RoadView.swift */ = {isa = PBXFileReference; lastKnownFileType = sourcecode.swift; path = RoadView.swift; sourceTree = "<group>"; };
		11A99E0424D7270D00368974 /* ImageLoader.swift */ = {isa = PBXFileReference; lastKnownFileType = sourcecode.swift; path = ImageLoader.swift; sourceTree = "<group>"; };
		11A99E0624D7284300368974 /* AsyncImage.swift */ = {isa = PBXFileReference; lastKnownFileType = sourcecode.swift; path = AsyncImage.swift; sourceTree = "<group>"; };
		11ADFB0524D3458500C58624 /* Digitraffic.app */ = {isa = PBXFileReference; explicitFileType = wrapper.application; includeInIndex = 0; path = Digitraffic.app; sourceTree = BUILT_PRODUCTS_DIR; };
		11ADFB0824D3458500C58624 /* AppDelegate.swift */ = {isa = PBXFileReference; lastKnownFileType = sourcecode.swift; path = AppDelegate.swift; sourceTree = "<group>"; };
		11ADFB0A24D3458500C58624 /* SceneDelegate.swift */ = {isa = PBXFileReference; lastKnownFileType = sourcecode.swift; path = SceneDelegate.swift; sourceTree = "<group>"; };
		11ADFB0D24D3458500C58624 /* Digitraffic.xcdatamodel */ = {isa = PBXFileReference; lastKnownFileType = wrapper.xcdatamodel; path = Digitraffic.xcdatamodel; sourceTree = "<group>"; };
		11ADFB0F24D3458500C58624 /* ContentView.swift */ = {isa = PBXFileReference; lastKnownFileType = sourcecode.swift; path = ContentView.swift; sourceTree = "<group>"; };
		11ADFB1124D3458600C58624 /* Assets.xcassets */ = {isa = PBXFileReference; lastKnownFileType = folder.assetcatalog; path = Assets.xcassets; sourceTree = "<group>"; };
		11ADFB1424D3458600C58624 /* Preview Assets.xcassets */ = {isa = PBXFileReference; lastKnownFileType = folder.assetcatalog; path = "Preview Assets.xcassets"; sourceTree = "<group>"; };
		11ADFB1724D3458600C58624 /* Base */ = {isa = PBXFileReference; lastKnownFileType = file.storyboard; name = Base; path = Base.lproj/LaunchScreen.storyboard; sourceTree = "<group>"; };
		11ADFB1924D3458600C58624 /* Info.plist */ = {isa = PBXFileReference; lastKnownFileType = text.plist.xml; path = Info.plist; sourceTree = "<group>"; };
		11E9D33324DC367500C44EA1 /* MunicipalityView.swift */ = {isa = PBXFileReference; lastKnownFileType = sourcecode.swift; path = MunicipalityView.swift; sourceTree = "<group>"; };
		11E9D33724DC6D4600C44EA1 /* Metadata.swift */ = {isa = PBXFileReference; lastKnownFileType = sourcecode.swift; path = Metadata.swift; sourceTree = "<group>"; };
/* End PBXFileReference section */

/* Begin PBXFrameworksBuildPhase section */
		11ADFB0224D3458500C58624 /* Frameworks */ = {
			isa = PBXFrameworksBuildPhase;
			buildActionMask = 2147483647;
			files = (
			);
			runOnlyForDeploymentPostprocessing = 0;
		};
/* End PBXFrameworksBuildPhase section */

/* Begin PBXGroup section */
		11ADFAFC24D3458500C58624 = {
			isa = PBXGroup;
			children = (
				11ADFB0724D3458500C58624 /* Digitraffic */,
				11ADFB0624D3458500C58624 /* Products */,
			);
			sourceTree = "<group>";
		};
		11ADFB0624D3458500C58624 /* Products */ = {
			isa = PBXGroup;
			children = (
				11ADFB0524D3458500C58624 /* Digitraffic.app */,
			);
			name = Products;
			sourceTree = "<group>";
		};
		11ADFB0724D3458500C58624 /* Digitraffic */ = {
			isa = PBXGroup;
			children = (
				11ADFB1F24D346D400C58624 /* Models */,
				11ADFB2124D346F000C58624 /* Views */,
				11ADFB0824D3458500C58624 /* AppDelegate.swift */,
				11ADFB0A24D3458500C58624 /* SceneDelegate.swift */,
				11ADFB1124D3458600C58624 /* Assets.xcassets */,
				11ADFB1624D3458600C58624 /* LaunchScreen.storyboard */,
				11ADFB1924D3458600C58624 /* Info.plist */,
				11ADFB0C24D3458500C58624 /* Digitraffic.xcdatamodeld */,
				11ADFB1324D3458600C58624 /* Preview Content */,
			);
			path = Digitraffic;
			sourceTree = "<group>";
		};
		11ADFB1324D3458600C58624 /* Preview Content */ = {
			isa = PBXGroup;
			children = (
				11ADFB1424D3458600C58624 /* Preview Assets.xcassets */,
			);
			path = "Preview Content";
			sourceTree = "<group>";
		};
		11ADFB1F24D346D400C58624 /* Models */ = {
			isa = PBXGroup;
			children = (
				11198F1224D6E85600131481 /* NetworkManager.swift */,
				11198F1424D6E94C00131481 /* CameraData.swift */,
				11A99E0424D7270D00368974 /* ImageLoader.swift */,
				11E9D33724DC6D4600C44EA1 /* Metadata.swift */,
			);
			path = Models;
			sourceTree = "<group>";
		};
		11ADFB2124D346F000C58624 /* Views */ = {
			isa = PBXGroup;
			children = (
				11ADFB0F24D3458500C58624 /* ContentView.swift */,
				11198F1624D708DE00131481 /* DetailView.swift */,
				11A99E0624D7284300368974 /* AsyncImage.swift */,
				11E9D33324DC367500C44EA1 /* MunicipalityView.swift */,
				11597A1224DDFF9900AF7041 /* CityView.swift */,
				11597A1424DE02C400AF7041 /* RoadView.swift */,
			);
			path = Views;
			sourceTree = "<group>";
		};
/* End PBXGroup section */

/* Begin PBXNativeTarget section */
		11ADFB0424D3458500C58624 /* Digitraffic */ = {
			isa = PBXNativeTarget;
			buildConfigurationList = 11ADFB1C24D3458600C58624 /* Build configuration list for PBXNativeTarget "Digitraffic" */;
			buildPhases = (
				11ADFB0124D3458500C58624 /* Sources */,
				11ADFB0224D3458500C58624 /* Frameworks */,
				11ADFB0324D3458500C58624 /* Resources */,
			);
			buildRules = (
			);
			dependencies = (
			);
			name = Digitraffic;
			productName = Digitraffic;
			productReference = 11ADFB0524D3458500C58624 /* Digitraffic.app */;
			productType = "com.apple.product-type.application";
		};
/* End PBXNativeTarget section */

/* Begin PBXProject section */
		11ADFAFD24D3458500C58624 /* Project object */ = {
			isa = PBXProject;
			attributes = {
				LastSwiftUpdateCheck = 1160;
				LastUpgradeCheck = 1160;
				ORGANIZATIONNAME = "Timo Leppänen";
				TargetAttributes = {
					11ADFB0424D3458500C58624 = {
						CreatedOnToolsVersion = 11.6;
					};
				};
			};
			buildConfigurationList = 11ADFB0024D3458500C58624 /* Build configuration list for PBXProject "Digitraffic" */;
			compatibilityVersion = "Xcode 9.3";
			developmentRegion = en;
			hasScannedForEncodings = 0;
			knownRegions = (
				en,
				Base,
			);
			mainGroup = 11ADFAFC24D3458500C58624;
			productRefGroup = 11ADFB0624D3458500C58624 /* Products */;
			projectDirPath = "";
			projectRoot = "";
			targets = (
				11ADFB0424D3458500C58624 /* Digitraffic */,
			);
		};
/* End PBXProject section */

/* Begin PBXResourcesBuildPhase section */
		11ADFB0324D3458500C58624 /* Resources */ = {
			isa = PBXResourcesBuildPhase;
			buildActionMask = 2147483647;
			files = (
				11ADFB1824D3458600C58624 /* LaunchScreen.storyboard in Resources */,
				11ADFB1524D3458600C58624 /* Preview Assets.xcassets in Resources */,
				11ADFB1224D3458600C58624 /* Assets.xcassets in Resources */,
			);
			runOnlyForDeploymentPostprocessing = 0;
		};
/* End PBXResourcesBuildPhase section */

/* Begin PBXSourcesBuildPhase section */
		11ADFB0124D3458500C58624 /* Sources */ = {
			isa = PBXSourcesBuildPhase;
			buildActionMask = 2147483647;
			files = (
				11198F1524D6E94C00131481 /* CameraData.swift in Sources */,
				11597A1324DDFF9900AF7041 /* CityView.swift in Sources */,
				11A99E0724D7284300368974 /* AsyncImage.swift in Sources */,
				11E9D33824DC6D4600C44EA1 /* Metadata.swift in Sources */,
				11ADFB0924D3458500C58624 /* AppDelegate.swift in Sources */,
				11ADFB0B24D3458500C58624 /* SceneDelegate.swift in Sources */,
				11198F1724D708DE00131481 /* DetailView.swift in Sources */,
				11198F1324D6E85600131481 /* NetworkManager.swift in Sources */,
				11E9D33424DC367500C44EA1 /* MunicipalityView.swift in Sources */,
				11597A1524DE02C400AF7041 /* RoadView.swift in Sources */,
				11ADFB1024D3458500C58624 /* ContentView.swift in Sources */,
				11A99E0524D7270D00368974 /* ImageLoader.swift in Sources */,
				11ADFB0E24D3458500C58624 /* Digitraffic.xcdatamodeld in Sources */,
			);
			runOnlyForDeploymentPostprocessing = 0;
		};
/* End PBXSourcesBuildPhase section */

/* Begin PBXVariantGroup section */
		11ADFB1624D3458600C58624 /* LaunchScreen.storyboard */ = {
			isa = PBXVariantGroup;
			children = (
				11ADFB1724D3458600C58624 /* Base */,
			);
			name = LaunchScreen.storyboard;
			sourceTree = "<group>";
		};
/* End PBXVariantGroup section */

/* Begin XCBuildConfiguration section */
		11ADFB1A24D3458600C58624 /* Debug */ = {
			isa = XCBuildConfiguration;
			buildSettings = {
				ALWAYS_SEARCH_USER_PATHS = NO;
				CLANG_ANALYZER_NONNULL = YES;
				CLANG_ANALYZER_NUMBER_OBJECT_CONVERSION = YES_AGGRESSIVE;
				CLANG_CXX_LANGUAGE_STANDARD = "gnu++14";
				CLANG_CXX_LIBRARY = "libc++";
				CLANG_ENABLE_MODULES = YES;
				CLANG_ENABLE_OBJC_ARC = YES;
				CLANG_ENABLE_OBJC_WEAK = YES;
				CLANG_WARN_BLOCK_CAPTURE_AUTORELEASING = YES;
				CLANG_WARN_BOOL_CONVERSION = YES;
				CLANG_WARN_COMMA = YES;
				CLANG_WARN_CONSTANT_CONVERSION = YES;
				CLANG_WARN_DEPRECATED_OBJC_IMPLEMENTATIONS = YES;
				CLANG_WARN_DIRECT_OBJC_ISA_USAGE = YES_ERROR;
				CLANG_WARN_DOCUMENTATION_COMMENTS = YES;
				CLANG_WARN_EMPTY_BODY = YES;
				CLANG_WARN_ENUM_CONVERSION = YES;
				CLANG_WARN_INFINITE_RECURSION = YES;
				CLANG_WARN_INT_CONVERSION = YES;
				CLANG_WARN_NON_LITERAL_NULL_CONVERSION = YES;
				CLANG_WARN_OBJC_IMPLICIT_RETAIN_SELF = YES;
				CLANG_WARN_OBJC_LITERAL_CONVERSION = YES;
				CLANG_WARN_OBJC_ROOT_CLASS = YES_ERROR;
				CLANG_WARN_RANGE_LOOP_ANALYSIS = YES;
				CLANG_WARN_STRICT_PROTOTYPES = YES;
				CLANG_WARN_SUSPICIOUS_MOVE = YES;
				CLANG_WARN_UNGUARDED_AVAILABILITY = YES_AGGRESSIVE;
				CLANG_WARN_UNREACHABLE_CODE = YES;
				CLANG_WARN__DUPLICATE_METHOD_MATCH = YES;
				COPY_PHASE_STRIP = NO;
				DEBUG_INFORMATION_FORMAT = dwarf;
				ENABLE_STRICT_OBJC_MSGSEND = YES;
				ENABLE_TESTABILITY = YES;
				GCC_C_LANGUAGE_STANDARD = gnu11;
				GCC_DYNAMIC_NO_PIC = NO;
				GCC_NO_COMMON_BLOCKS = YES;
				GCC_OPTIMIZATION_LEVEL = 0;
				GCC_PREPROCESSOR_DEFINITIONS = (
					"DEBUG=1",
					"$(inherited)",
				);
				GCC_WARN_64_TO_32_BIT_CONVERSION = YES;
				GCC_WARN_ABOUT_RETURN_TYPE = YES_ERROR;
				GCC_WARN_UNDECLARED_SELECTOR = YES;
				GCC_WARN_UNINITIALIZED_AUTOS = YES_AGGRESSIVE;
				GCC_WARN_UNUSED_FUNCTION = YES;
				GCC_WARN_UNUSED_VARIABLE = YES;
				IPHONEOS_DEPLOYMENT_TARGET = 13.6;
				MTL_ENABLE_DEBUG_INFO = INCLUDE_SOURCE;
				MTL_FAST_MATH = YES;
				ONLY_ACTIVE_ARCH = YES;
				SDKROOT = iphoneos;
				SWIFT_ACTIVE_COMPILATION_CONDITIONS = DEBUG;
				SWIFT_OPTIMIZATION_LEVEL = "-Onone";
			};
			name = Debug;
		};
		11ADFB1B24D3458600C58624 /* Release */ = {
			isa = XCBuildConfiguration;
			buildSettings = {
				ALWAYS_SEARCH_USER_PATHS = NO;
				CLANG_ANALYZER_NONNULL = YES;
				CLANG_ANALYZER_NUMBER_OBJECT_CONVERSION = YES_AGGRESSIVE;
				CLANG_CXX_LANGUAGE_STANDARD = "gnu++14";
				CLANG_CXX_LIBRARY = "libc++";
				CLANG_ENABLE_MODULES = YES;
				CLANG_ENABLE_OBJC_ARC = YES;
				CLANG_ENABLE_OBJC_WEAK = YES;
				CLANG_WARN_BLOCK_CAPTURE_AUTORELEASING = YES;
				CLANG_WARN_BOOL_CONVERSION = YES;
				CLANG_WARN_COMMA = YES;
				CLANG_WARN_CONSTANT_CONVERSION = YES;
				CLANG_WARN_DEPRECATED_OBJC_IMPLEMENTATIONS = YES;
				CLANG_WARN_DIRECT_OBJC_ISA_USAGE = YES_ERROR;
				CLANG_WARN_DOCUMENTATION_COMMENTS = YES;
				CLANG_WARN_EMPTY_BODY = YES;
				CLANG_WARN_ENUM_CONVERSION = YES;
				CLANG_WARN_INFINITE_RECURSION = YES;
				CLANG_WARN_INT_CONVERSION = YES;
				CLANG_WARN_NON_LITERAL_NULL_CONVERSION = YES;
				CLANG_WARN_OBJC_IMPLICIT_RETAIN_SELF = YES;
				CLANG_WARN_OBJC_LITERAL_CONVERSION = YES;
				CLANG_WARN_OBJC_ROOT_CLASS = YES_ERROR;
				CLANG_WARN_RANGE_LOOP_ANALYSIS = YES;
				CLANG_WARN_STRICT_PROTOTYPES = YES;
				CLANG_WARN_SUSPICIOUS_MOVE = YES;
				CLANG_WARN_UNGUARDED_AVAILABILITY = YES_AGGRESSIVE;
				CLANG_WARN_UNREACHABLE_CODE = YES;
				CLANG_WARN__DUPLICATE_METHOD_MATCH = YES;
				COPY_PHASE_STRIP = NO;
				DEBUG_INFORMATION_FORMAT = "dwarf-with-dsym";
				ENABLE_NS_ASSERTIONS = NO;
				ENABLE_STRICT_OBJC_MSGSEND = YES;
				GCC_C_LANGUAGE_STANDARD = gnu11;
				GCC_NO_COMMON_BLOCKS = YES;
				GCC_WARN_64_TO_32_BIT_CONVERSION = YES;
				GCC_WARN_ABOUT_RETURN_TYPE = YES_ERROR;
				GCC_WARN_UNDECLARED_SELECTOR = YES;
				GCC_WARN_UNINITIALIZED_AUTOS = YES_AGGRESSIVE;
				GCC_WARN_UNUSED_FUNCTION = YES;
				GCC_WARN_UNUSED_VARIABLE = YES;
				IPHONEOS_DEPLOYMENT_TARGET = 13.6;
				MTL_ENABLE_DEBUG_INFO = NO;
				MTL_FAST_MATH = YES;
				SDKROOT = iphoneos;
				SWIFT_COMPILATION_MODE = wholemodule;
				SWIFT_OPTIMIZATION_LEVEL = "-O";
				VALIDATE_PRODUCT = YES;
			};
			name = Release;
		};
		11ADFB1D24D3458600C58624 /* Debug */ = {
			isa = XCBuildConfiguration;
			buildSettings = {
				ASSETCATALOG_COMPILER_APPICON_NAME = AppIcon;
				CODE_SIGN_STYLE = Automatic;
				DEVELOPMENT_ASSET_PATHS = "\"Digitraffic/Preview Content\"";
				DEVELOPMENT_TEAM = 2X2TG9AMT7;
				ENABLE_PREVIEWS = YES;
				INFOPLIST_FILE = Digitraffic/Info.plist;
				LD_RUNPATH_SEARCH_PATHS = (
					"$(inherited)",
					"@executable_path/Frameworks",
				);
				PRODUCT_BUNDLE_IDENTIFIER = com.timoleppanen.Digitraffic;
				PRODUCT_NAME = "$(TARGET_NAME)";
				SWIFT_VERSION = 5.0;
				TARGETED_DEVICE_FAMILY = "1,2";
			};
			name = Debug;
		};
		11ADFB1E24D3458600C58624 /* Release */ = {
			isa = XCBuildConfiguration;
			buildSettings = {
				ASSETCATALOG_COMPILER_APPICON_NAME = AppIcon;
				CODE_SIGN_STYLE = Automatic;
				DEVELOPMENT_ASSET_PATHS = "\"Digitraffic/Preview Content\"";
				DEVELOPMENT_TEAM = 2X2TG9AMT7;
				ENABLE_PREVIEWS = YES;
				INFOPLIST_FILE = Digitraffic/Info.plist;
				LD_RUNPATH_SEARCH_PATHS = (
					"$(inherited)",
					"@executable_path/Frameworks",
				);
				PRODUCT_BUNDLE_IDENTIFIER = com.timoleppanen.Digitraffic;
				PRODUCT_NAME = "$(TARGET_NAME)";
				SWIFT_VERSION = 5.0;
				TARGETED_DEVICE_FAMILY = "1,2";
			};
			name = Release;
		};
/* End XCBuildConfiguration section */

/* Begin XCConfigurationList section */
		11ADFB0024D3458500C58624 /* Build configuration list for PBXProject "Digitraffic" */ = {
			isa = XCConfigurationList;
			buildConfigurations = (
				11ADFB1A24D3458600C58624 /* Debug */,
				11ADFB1B24D3458600C58624 /* Release */,
			);
			defaultConfigurationIsVisible = 0;
			defaultConfigurationName = Release;
		};
		11ADFB1C24D3458600C58624 /* Build configuration list for PBXNativeTarget "Digitraffic" */ = {
			isa = XCConfigurationList;
			buildConfigurations = (
				11ADFB1D24D3458600C58624 /* Debug */,
				11ADFB1E24D3458600C58624 /* Release */,
			);
			defaultConfigurationIsVisible = 0;
			defaultConfigurationName = Release;
		};
/* End XCConfigurationList section */

/* Begin XCVersionGroup section */
		11ADFB0C24D3458500C58624 /* Digitraffic.xcdatamodeld */ = {
			isa = XCVersionGroup;
			children = (
				11ADFB0D24D3458500C58624 /* Digitraffic.xcdatamodel */,
			);
			currentVersion = 11ADFB0D24D3458500C58624 /* Digitraffic.xcdatamodel */;
			path = Digitraffic.xcdatamodeld;
			sourceTree = "<group>";
			versionGroupType = wrapper.xcdatamodel;
		};
/* End XCVersionGroup section */
	};
	rootObject = 11ADFAFD24D3458500C58624 /* Project object */;
}
